
Microsoft Visual Studio Solution File, Format Version 12.00
# Visual Studio Version 17
VisualStudioVersion = 17.13.35825.156
MinimumVisualStudioVersion = 10.0.40219.1
Project("{FAE04EC0-301F-11D3-BF4B-00C04F79EFBC}") = "GUI", "GUI.csproj", "{5D109D91-429B-498A-8F83-6E981CFFD71D}"
EndProject
Project("{8BC9CEB8-8B4A-11D0-8D11-00A0C91BC942}") = "Embedded Code Master and Slave", "Embedded Code Master and Slave\Embedded Code Master and Slave.vcxproj", "{CBFF6EFB-ACA7-4F47-BB3B-A9F7401149B6}"
EndProject
Global
	GlobalSection(SolutionConfigurationPlatforms) = preSolution
		Debug|Any CPU = Debug|Any CPU
		Debug|x64 = Debug|x64
		Debug|x86 = Debug|x86
		Release|Any CPU = Release|Any CPU
		Release|x64 = Release|x64
		Release|x86 = Release|x86
	EndGlobalSection
	GlobalSection(ProjectConfigurationPlatforms) = postSolution
		{5D109D91-429B-498A-8F83-6E981CFFD71D}.Debug|Any CPU.ActiveCfg = Debug|Any CPU
		{5D109D91-429B-498A-8F83-6E981CFFD71D}.Debug|Any CPU.Build.0 = Debug|Any CPU
		{5D109D91-429B-498A-8F83-6E981CFFD71D}.Debug|x64.ActiveCfg = Debug|Any CPU
		{5D109D91-429B-498A-8F83-6E981CFFD71D}.Debug|x64.Build.0 = Debug|Any CPU
		{5D109D91-429B-498A-8F83-6E981CFFD71D}.Debug|x86.ActiveCfg = Debug|Any CPU
		{5D109D91-429B-498A-8F83-6E981CFFD71D}.Debug|x86.Build.0 = Debug|Any CPU
		{5D109D91-429B-498A-8F83-6E981CFFD71D}.Release|Any CPU.ActiveCfg = Release|Any CPU
		{5D109D91-429B-498A-8F83-6E981CFFD71D}.Release|Any CPU.Build.0 = Release|Any CPU
		{5D109D91-429B-498A-8F83-6E981CFFD71D}.Release|x64.ActiveCfg = Release|Any CPU
		{5D109D91-429B-498A-8F83-6E981CFFD71D}.Release|x64.Build.0 = Release|Any CPU
		{5D109D91-429B-498A-8F83-6E981CFFD71D}.Release|x86.ActiveCfg = Release|Any CPU
		{5D109D91-429B-498A-8F83-6E981CFFD71D}.Release|x86.Build.0 = Release|Any CPU
		{CBFF6EFB-ACA7-4F47-BB3B-A9F7401149B6}.Debug|Any CPU.ActiveCfg = Debug|x64
		{CBFF6EFB-ACA7-4F47-BB3B-A9F7401149B6}.Debug|Any CPU.Build.0 = Debug|x64
		{CBFF6EFB-ACA7-4F47-BB3B-A9F7401149B6}.Debug|x64.ActiveCfg = Debug|x64
		{CBFF6EFB-ACA7-4F47-BB3B-A9F7401149B6}.Debug|x64.Build.0 = Debug|x64
		{CBFF6EFB-ACA7-4F47-BB3B-A9F7401149B6}.Debug|x86.ActiveCfg = Debug|Win32
		{CBFF6EFB-ACA7-4F47-BB3B-A9F7401149B6}.Debug|x86.Build.0 = Debug|Win32
		{CBFF6EFB-ACA7-4F47-BB3B-A9F7401149B6}.Release|Any CPU.ActiveCfg = Release|x64
		{CBFF6EFB-ACA7-4F47-BB3B-A9F7401149B6}.Release|Any CPU.Build.0 = Release|x64
		{CBFF6EFB-ACA7-4F47-BB3B-A9F7401149B6}.Release|x64.ActiveCfg = Release|x64
		{CBFF6EFB-ACA7-4F47-BB3B-A9F7401149B6}.Release|x64.Build.0 = Release|x64
		{CBFF6EFB-ACA7-4F47-BB3B-A9F7401149B6}.Release|x86.ActiveCfg = Release|Win32
		{CBFF6EFB-ACA7-4F47-BB3B-A9F7401149B6}.Release|x86.Build.0 = Release|Win32
	EndGlobalSection
	GlobalSection(SolutionProperties) = preSolution
		HideSolutionNode = FALSE
	EndGlobalSection
	GlobalSection(ExtensibilityGlobals) = postSolution
		SolutionGuid = {66387779-BB90-42BC-A262-AC020F28C6A9}
	EndGlobalSection
EndGlobal
